
Microsoft Visual Studio Solution File, Format Version 12.00
# Visual Studio Version 17
VisualStudioVersion = 17.13.35913.81
MinimumVisualStudioVersion = 10.0.40219.1
Project("{FAE04EC0-301F-11D3-BF4B-00C04F79EFBC}") = "Freelancer Task", "Freelancer Task.csproj", "{59ECFDAC-E4C5-4AEF-947D-8DC270E79DF0}"
EndProject
Global
	GlobalSection(SolutionConfigurationPlatforms) = preSolution
		Debug|Any CPU = Debug|Any CPU
		Release|Any CPU = Release|Any CPU
	EndGlobalSection
	GlobalSection(ProjectConfigurationPlatforms) = postSolution
		{59ECFDAC-E4C5-4AEF-947D-8DC270E79DF0}.Debug|Any CPU.ActiveCfg = Debug|Any CPU
		{59ECFDAC-E4C5-4AEF-947D-8DC270E79DF0}.Debug|Any CPU.Build.0 = Debug|Any CPU
		{59ECFDAC-E4C5-4AEF-947D-8DC270E79DF0}.Release|Any CPU.ActiveCfg = Release|Any CPU
		{59ECFDAC-E4C5-4AEF-947D-8DC270E79DF0}.Release|Any CPU.Build.0 = Release|Any CPU
	EndGlobalSection
	GlobalSection(SolutionProperties) = preSolution
		HideSolutionNode = FALSE
	EndGlobalSection
	GlobalSection(ExtensibilityGlobals) = postSolution
		SolutionGuid = {1AE9DCB4-40E3-4CED-B028-7529321010AD}
	EndGlobalSection
EndGlobal
